
Microsoft Visual Studio Solution File, Format Version 12.00
# Visual Studio Version 16
VisualStudioVersion = 16.0.32510.428
MinimumVisualStudioVersion = 10.0.40219.1
Project("{FAE04EC0-301F-11D3-BF4B-00C04F79EFBC}") = "LR3", "LR3.csproj", "{27A45ABC-026F-45ED-880F-482A05448C55}"
EndProject
Global
	GlobalSection(SolutionConfigurationPlatforms) = preSolution
		Debug|Any CPU = Debug|Any CPU
		Release|Any CPU = Release|Any CPU
	EndGlobalSection
	GlobalSection(ProjectConfigurationPlatforms) = postSolution
		{27A45ABC-026F-45ED-880F-482A05448C55}.Debug|Any CPU.ActiveCfg = Debug|Any CPU
		{27A45ABC-026F-45ED-880F-482A05448C55}.Debug|Any CPU.Build.0 = Debug|Any CPU
		{27A45ABC-026F-45ED-880F-482A05448C55}.Release|Any CPU.ActiveCfg = Release|Any CPU
		{27A45ABC-026F-45ED-880F-482A05448C55}.Release|Any CPU.Build.0 = Release|Any CPU
	EndGlobalSection
	GlobalSection(SolutionProperties) = preSolution
		HideSolutionNode = FALSE
	EndGlobalSection
	GlobalSection(ExtensibilityGlobals) = postSolution
		SolutionGuid = {ED433245-7E30-41A2-9372-7AC1741BAEA6}
	EndGlobalSection
EndGlobal
